
Microsoft Visual Studio Solution File, Format Version 12.00
# Visual Studio Version 17
VisualStudioVersion = 17.2.32526.322
MinimumVisualStudioVersion = 10.0.40219.1
Project("{9A19103F-16F7-4668-BE54-9A1E7A4F7556}") = "Payroll", "Nomina\Payroll.csproj", "{8DCB8BA9-0D0D-462B-93B2-BD369E2366DB}"
EndProject
Project("{2150E333-8FDC-42A3-9474-1A3956D46DE8}") = "Elementos de la solución", "Elementos de la solución", "{2601C947-F133-49CE-8828-0A62764CA6E8}"
EndProject
Global
	GlobalSection(SolutionConfigurationPlatforms) = preSolution
		Debug|Any CPU = Debug|Any CPU
		Release|Any CPU = Release|Any CPU
	EndGlobalSection
	GlobalSection(ProjectConfigurationPlatforms) = postSolution
		{8DCB8BA9-0D0D-462B-93B2-BD369E2366DB}.Debug|Any CPU.ActiveCfg = Debug|Any CPU
		{8DCB8BA9-0D0D-462B-93B2-BD369E2366DB}.Debug|Any CPU.Build.0 = Debug|Any CPU
		{8DCB8BA9-0D0D-462B-93B2-BD369E2366DB}.Release|Any CPU.ActiveCfg = Release|Any CPU
		{8DCB8BA9-0D0D-462B-93B2-BD369E2366DB}.Release|Any CPU.Build.0 = Release|Any CPU
	EndGlobalSection
	GlobalSection(SolutionProperties) = preSolution
		HideSolutionNode = FALSE
	EndGlobalSection
	GlobalSection(ExtensibilityGlobals) = postSolution
		SolutionGuid = {1F397238-26B8-4CB0-BA56-D43B252E40EF}
	EndGlobalSection
EndGlobal
